
Microsoft Visual Studio Solution File, Format Version 11.00
# Visual Studio 2010
Project("{FAE04EC0-301F-11D3-BF4B-00C04F79EFBC}") = "Binary Viewer", "Binary Viewer\Binary Viewer.csproj", "{95F459A6-693C-4483-9EAA-5032CC2CDF7E}"
EndProject
Global
	GlobalSection(SolutionConfigurationPlatforms) = preSolution
		Debug|Any CPU = Debug|Any CPU
		Release|Any CPU = Release|Any CPU
	EndGlobalSection
	GlobalSection(ProjectConfigurationPlatforms) = postSolution
		{95F459A6-693C-4483-9EAA-5032CC2CDF7E}.Debug|Any CPU.ActiveCfg = Debug|Any CPU
		{95F459A6-693C-4483-9EAA-5032CC2CDF7E}.Debug|Any CPU.Build.0 = Debug|Any CPU
		{95F459A6-693C-4483-9EAA-5032CC2CDF7E}.Release|Any CPU.ActiveCfg = Release|Any CPU
		{95F459A6-693C-4483-9EAA-5032CC2CDF7E}.Release|Any CPU.Build.0 = Release|Any CPU
	EndGlobalSection
	GlobalSection(SolutionProperties) = preSolution
		HideSolutionNode = FALSE
	EndGlobalSection
EndGlobal
