
Microsoft Visual Studio Solution File, Format Version 11.00
# Visual Studio 2010
Project("{FAE04EC0-301F-11D3-BF4B-00C04F79EFBC}") = "DotNET Tests", "DotNET Tests\DotNET Tests.csproj", "{A7EE173D-68B5-4ED4-A9A8-7BA2DCF8AB32}"
EndProject
Global
	GlobalSection(SolutionConfigurationPlatforms) = preSolution
		Debug|Any CPU = Debug|Any CPU
		Debug|Mixed Platforms = Debug|Mixed Platforms
		Debug|Win32 = Debug|Win32
		Release|Any CPU = Release|Any CPU
		Release|Mixed Platforms = Release|Mixed Platforms
		Release|Win32 = Release|Win32
	EndGlobalSection
	GlobalSection(ProjectConfigurationPlatforms) = postSolution
		{A7EE173D-68B5-4ED4-A9A8-7BA2DCF8AB32}.Debug|Any CPU.ActiveCfg = Debug|Any CPU
		{A7EE173D-68B5-4ED4-A9A8-7BA2DCF8AB32}.Debug|Any CPU.Build.0 = Debug|Any CPU
		{A7EE173D-68B5-4ED4-A9A8-7BA2DCF8AB32}.Debug|Mixed Platforms.ActiveCfg = Debug|Any CPU
		{A7EE173D-68B5-4ED4-A9A8-7BA2DCF8AB32}.Debug|Mixed Platforms.Build.0 = Debug|Any CPU
		{A7EE173D-68B5-4ED4-A9A8-7BA2DCF8AB32}.Debug|Win32.ActiveCfg = Debug|Any CPU
		{A7EE173D-68B5-4ED4-A9A8-7BA2DCF8AB32}.Release|Any CPU.ActiveCfg = Release|Any CPU
		{A7EE173D-68B5-4ED4-A9A8-7BA2DCF8AB32}.Release|Any CPU.Build.0 = Release|Any CPU
		{A7EE173D-68B5-4ED4-A9A8-7BA2DCF8AB32}.Release|Mixed Platforms.ActiveCfg = Release|Any CPU
		{A7EE173D-68B5-4ED4-A9A8-7BA2DCF8AB32}.Release|Mixed Platforms.Build.0 = Release|Any CPU
		{A7EE173D-68B5-4ED4-A9A8-7BA2DCF8AB32}.Release|Win32.ActiveCfg = Release|Any CPU
	EndGlobalSection
	GlobalSection(SolutionProperties) = preSolution
		HideSolutionNode = FALSE
	EndGlobalSection
EndGlobal
